# uv.lock placeholder
#
# This file is auto-generated by `uv lock` when uv is used to manage dependencies.
# The repo currently installs via pip (`make demo` runs `pip install -e ".[dev]"`),
# but uv is fully supported: run `uv sync --extra dev` to create the real lock file.
#
# We do not commit a stale lockfile; the canonical dependency list is `pyproject.toml`.
